
Microsoft Visual Studio Solution File, Format Version 12.00
# Visual Studio Version 16
VisualStudioVersion = 16.0.34031.81
MinimumVisualStudioVersion = 10.0.40219.1
Project("{2150E333-8FDC-42A3-9474-1A3956D46DE8}") = "Task0", "Task0", "{18401A3C-455F-4827-BE49-C11C506B7063}"
EndProject
Project("{FAE04EC0-301F-11D3-BF4B-00C04F79EFBC}") = "Tyuiu.DeminDA.Sprint6.Task0.V18.Lib", "Tyuiu.DeminDA.Sprint6.Task0.V18.Lib\Tyuiu.DeminDA.Sprint6.Task0.V18.Lib.csproj", "{C265146C-20AD-4585-987D-1DE4304EB2DC}"
EndProject
Project("{FAE04EC0-301F-11D3-BF4B-00C04F79EFBC}") = "Tyuiu.DeminDA.Sprint6.Task0.V18.Test", "Tyuiu.DeminDA.Sprint6.Task0.V18.Test\Tyuiu.DeminDA.Sprint6.Task0.V18.Test.csproj", "{F578D00D-673A-40D5-AA64-EB50DCE82F28}"
EndProject
Project("{FAE04EC0-301F-11D3-BF4B-00C04F79EFBC}") = "Tyuiu.DeminDA.Sprint6.Task0.V18", "Tyuiu.DeminDA.Sprint6.Task0.V18\Tyuiu.DeminDA.Sprint6.Task0.V18.csproj", "{4801757F-1C6A-4863-B90C-D7062B167831}"
EndProject
Project("{2150E333-8FDC-42A3-9474-1A3956D46DE8}") = "Task1", "Task1", "{249DDF31-1E94-4116-A861-EB0F3DBB6277}"
EndProject
Project("{FAE04EC0-301F-11D3-BF4B-00C04F79EFBC}") = "Tyuiu.DeminDA.Sprint6.Task1.V14.Lib", "Tyuiu.DeminDA.Sprint6.Task1.V14.Lib\Tyuiu.DeminDA.Sprint6.Task1.V14.Lib.csproj", "{82CB6246-8C05-4DEB-B077-BE460638A13F}"
EndProject
Project("{FAE04EC0-301F-11D3-BF4B-00C04F79EFBC}") = "Tyuiu.DeminDA.Sprint6.Task1.V14.Test", "Tyuiu.DeminDA.Sprint6.Task1.V14.Test\Tyuiu.DeminDA.Sprint6.Task1.V14.Test.csproj", "{BB045920-F658-46BD-B018-F2A72D213554}"
EndProject
Project("{FAE04EC0-301F-11D3-BF4B-00C04F79EFBC}") = "Tyuiu.DeminDA.Sprint6.Task1.V14", "Tyuiu.DeminDA.Sprint6.Task1.V14\Tyuiu.DeminDA.Sprint6.Task1.V14.csproj", "{9ABB39BD-DA59-4ED4-B97E-35F4E1284265}"
EndProject
Global
	GlobalSection(SolutionConfigurationPlatforms) = preSolution
		Debug|Any CPU = Debug|Any CPU
		Release|Any CPU = Release|Any CPU
	EndGlobalSection
	GlobalSection(ProjectConfigurationPlatforms) = postSolution
		{C265146C-20AD-4585-987D-1DE4304EB2DC}.Debug|Any CPU.ActiveCfg = Debug|Any CPU
		{C265146C-20AD-4585-987D-1DE4304EB2DC}.Debug|Any CPU.Build.0 = Debug|Any CPU
		{C265146C-20AD-4585-987D-1DE4304EB2DC}.Release|Any CPU.ActiveCfg = Release|Any CPU
		{C265146C-20AD-4585-987D-1DE4304EB2DC}.Release|Any CPU.Build.0 = Release|Any CPU
		{F578D00D-673A-40D5-AA64-EB50DCE82F28}.Debug|Any CPU.ActiveCfg = Debug|Any CPU
		{F578D00D-673A-40D5-AA64-EB50DCE82F28}.Debug|Any CPU.Build.0 = Debug|Any CPU
		{F578D00D-673A-40D5-AA64-EB50DCE82F28}.Release|Any CPU.ActiveCfg = Release|Any CPU
		{F578D00D-673A-40D5-AA64-EB50DCE82F28}.Release|Any CPU.Build.0 = Release|Any CPU
		{4801757F-1C6A-4863-B90C-D7062B167831}.Debug|Any CPU.ActiveCfg = Debug|Any CPU
		{4801757F-1C6A-4863-B90C-D7062B167831}.Debug|Any CPU.Build.0 = Debug|Any CPU
		{4801757F-1C6A-4863-B90C-D7062B167831}.Release|Any CPU.ActiveCfg = Release|Any CPU
		{4801757F-1C6A-4863-B90C-D7062B167831}.Release|Any CPU.Build.0 = Release|Any CPU
		{82CB6246-8C05-4DEB-B077-BE460638A13F}.Debug|Any CPU.ActiveCfg = Debug|Any CPU
		{82CB6246-8C05-4DEB-B077-BE460638A13F}.Debug|Any CPU.Build.0 = Debug|Any CPU
		{82CB6246-8C05-4DEB-B077-BE460638A13F}.Release|Any CPU.ActiveCfg = Release|Any CPU
		{82CB6246-8C05-4DEB-B077-BE460638A13F}.Release|Any CPU.Build.0 = Release|Any CPU
		{BB045920-F658-46BD-B018-F2A72D213554}.Debug|Any CPU.ActiveCfg = Debug|Any CPU
		{BB045920-F658-46BD-B018-F2A72D213554}.Debug|Any CPU.Build.0 = Debug|Any CPU
		{BB045920-F658-46BD-B018-F2A72D213554}.Release|Any CPU.ActiveCfg = Release|Any CPU
		{BB045920-F658-46BD-B018-F2A72D213554}.Release|Any CPU.Build.0 = Release|Any CPU
		{9ABB39BD-DA59-4ED4-B97E-35F4E1284265}.Debug|Any CPU.ActiveCfg = Debug|Any CPU
		{9ABB39BD-DA59-4ED4-B97E-35F4E1284265}.Debug|Any CPU.Build.0 = Debug|Any CPU
		{9ABB39BD-DA59-4ED4-B97E-35F4E1284265}.Release|Any CPU.ActiveCfg = Release|Any CPU
		{9ABB39BD-DA59-4ED4-B97E-35F4E1284265}.Release|Any CPU.Build.0 = Release|Any CPU
	EndGlobalSection
	GlobalSection(SolutionProperties) = preSolution
		HideSolutionNode = FALSE
	EndGlobalSection
	GlobalSection(NestedProjects) = preSolution
		{C265146C-20AD-4585-987D-1DE4304EB2DC} = {18401A3C-455F-4827-BE49-C11C506B7063}
		{F578D00D-673A-40D5-AA64-EB50DCE82F28} = {18401A3C-455F-4827-BE49-C11C506B7063}
		{4801757F-1C6A-4863-B90C-D7062B167831} = {18401A3C-455F-4827-BE49-C11C506B7063}
		{82CB6246-8C05-4DEB-B077-BE460638A13F} = {249DDF31-1E94-4116-A861-EB0F3DBB6277}
		{BB045920-F658-46BD-B018-F2A72D213554} = {249DDF31-1E94-4116-A861-EB0F3DBB6277}
		{9ABB39BD-DA59-4ED4-B97E-35F4E1284265} = {249DDF31-1E94-4116-A861-EB0F3DBB6277}
	EndGlobalSection
	GlobalSection(ExtensibilityGlobals) = postSolution
		SolutionGuid = {30F7BD6E-DBAB-4547-9BC2-D3D20A88406B}
	EndGlobalSection
EndGlobal
