
Microsoft Visual Studio Solution File, Format Version 12.00
# Visual Studio Version 16
VisualStudioVersion = 16.0.34031.81
MinimumVisualStudioVersion = 10.0.40219.1
Project("{2150E333-8FDC-42A3-9474-1A3956D46DE8}") = "Task0", "Task0", "{18401A3C-455F-4827-BE49-C11C506B7063}"
EndProject
Project("{FAE04EC0-301F-11D3-BF4B-00C04F79EFBC}") = "Tyuiu.DeminDA.Sprint6.Task0.V18.Lib", "Tyuiu.DeminDA.Sprint6.Task0.V18.Lib\Tyuiu.DeminDA.Sprint6.Task0.V18.Lib.csproj", "{C265146C-20AD-4585-987D-1DE4304EB2DC}"
EndProject
Project("{FAE04EC0-301F-11D3-BF4B-00C04F79EFBC}") = "Tyuiu.DeminDA.Sprint6.Task0.V18.Test", "Tyuiu.DeminDA.Sprint6.Task0.V18.Test\Tyuiu.DeminDA.Sprint6.Task0.V18.Test.csproj", "{F578D00D-673A-40D5-AA64-EB50DCE82F28}"
EndProject
Project("{FAE04EC0-301F-11D3-BF4B-00C04F79EFBC}") = "Tyuiu.DeminDA.Sprint6.Task0.V18", "Tyuiu.DeminDA.Sprint6.Task0.V18\Tyuiu.DeminDA.Sprint6.Task0.V18.csproj", "{4801757F-1C6A-4863-B90C-D7062B167831}"
EndProject
Project("{2150E333-8FDC-42A3-9474-1A3956D46DE8}") = "Task1", "Task1", "{249DDF31-1E94-4116-A861-EB0F3DBB6277}"
EndProject
Project("{FAE04EC0-301F-11D3-BF4B-00C04F79EFBC}") = "Tyuiu.DeminDA.Sprint6.Task1.V14.Lib", "Tyuiu.DeminDA.Sprint6.Task1.V14.Lib\Tyuiu.DeminDA.Sprint6.Task1.V14.Lib.csproj", "{82CB6246-8C05-4DEB-B077-BE460638A13F}"
EndProject
Project("{FAE04EC0-301F-11D3-BF4B-00C04F79EFBC}") = "Tyuiu.DeminDA.Sprint6.Task1.V14.Test", "Tyuiu.DeminDA.Sprint6.Task1.V14.Test\Tyuiu.DeminDA.Sprint6.Task1.V14.Test.csproj", "{BB045920-F658-46BD-B018-F2A72D213554}"
EndProject
Project("{FAE04EC0-301F-11D3-BF4B-00C04F79EFBC}") = "Tyuiu.DeminDA.Sprint6.Task1.V14", "Tyuiu.DeminDA.Sprint6.Task1.V14\Tyuiu.DeminDA.Sprint6.Task1.V14.csproj", "{9ABB39BD-DA59-4ED4-B97E-35F4E1284265}"
EndProject
Project("{2150E333-8FDC-42A3-9474-1A3956D46DE8}") = "Task2", "Task2", "{7154C65F-DB20-43B5-98F3-55FD49927C0C}"
EndProject
Project("{FAE04EC0-301F-11D3-BF4B-00C04F79EFBC}") = "Tyuiu.DeminDA.Sprint6.Task2.V7", "Tyuiu.DeminDA.Sprint6.Task2.V7\Tyuiu.DeminDA.Sprint6.Task2.V7.csproj", "{424D2C49-0DE2-4B6C-B86A-8B9627072819}"
EndProject
Project("{FAE04EC0-301F-11D3-BF4B-00C04F79EFBC}") = "Tyuiu.DeminDA.Sprint6.Task2.V7.Lib", "Tyuiu.DeminDA.Sprint6.Task2.V7.Lib\Tyuiu.DeminDA.Sprint6.Task2.V7.Lib.csproj", "{09762FF5-C546-4FD5-BBA3-6A1D6A5A9C3E}"
EndProject
Project("{FAE04EC0-301F-11D3-BF4B-00C04F79EFBC}") = "Tyuiu.DeminDA.Sprint6.Task2.V7.Test", "Tyuiu.DeminDA.Sprint6.Task2.V7.Test\Tyuiu.DeminDA.Sprint6.Task2.V7.Test.csproj", "{1BFEAD89-3A04-4B8A-9D6B-BC57B8EDC9DC}"
EndProject
Project("{2150E333-8FDC-42A3-9474-1A3956D46DE8}") = "Task3", "Task3", "{1165DF50-041C-4552-A171-4DDCF045C8E1}"
EndProject
Project("{FAE04EC0-301F-11D3-BF4B-00C04F79EFBC}") = "Tyuiu.DeminDA.Sprint6.Task3.V17", "Tyuiu.DeminDA.Sprint6.Task3.V17\Tyuiu.DeminDA.Sprint6.Task3.V17.csproj", "{39DB88BA-4B20-4155-BF60-00B600B0830E}"
EndProject
Project("{FAE04EC0-301F-11D3-BF4B-00C04F79EFBC}") = "Tyuiu.DeminDA.Sprint6.Task3.V17.Lib", "Tyuiu.DeminDA.Sprint6.Task3.V17.Lib\Tyuiu.DeminDA.Sprint6.Task3.V17.Lib.csproj", "{CF281B68-7436-4C2E-B1DF-BD86990062F8}"
EndProject
Project("{FAE04EC0-301F-11D3-BF4B-00C04F79EFBC}") = "Tyuiu.DeminDA.Sprint6.Task3.V17.Test", "Tyuiu.DeminDA.Sprint6.Task3.V17.Test\Tyuiu.DeminDA.Sprint6.Task3.V17.Test.csproj", "{A1D14A08-3F32-4AE3-9F9D-7CFD4DA0CAB2}"
EndProject
Project("{2150E333-8FDC-42A3-9474-1A3956D46DE8}") = "Task4", "Task4", "{160FC493-F471-40AB-8705-FA4087BB16A4}"
EndProject
Project("{FAE04EC0-301F-11D3-BF4B-00C04F79EFBC}") = "Tyuiu.DeminDA.Sprint6.Task4.V4", "Tyuiu.DeminDA.Sprint6.Task4.V4\Tyuiu.DeminDA.Sprint6.Task4.V4.csproj", "{CAA27B74-D6F0-42DF-8904-AC0A1E1C4267}"
EndProject
Project("{FAE04EC0-301F-11D3-BF4B-00C04F79EFBC}") = "Tyuiu.DeminDA.Sprint6.Task4.V4.Lib", "Tyuiu.DeminDA.Sprint6.Task4.V4.Lib\Tyuiu.DeminDA.Sprint6.Task4.V4.Lib.csproj", "{8107F272-7767-4E3B-BDB8-79154BBF32FD}"
EndProject
Project("{FAE04EC0-301F-11D3-BF4B-00C04F79EFBC}") = "Tyuiu.DeminDA.Sprint6.Task4.V4.Test", "Tyuiu.DeminDA.Sprint6.Task4.V4.Test\Tyuiu.DeminDA.Sprint6.Task4.V4.Test.csproj", "{DE0D9075-21AD-4C40-BA73-811B044D1DC6}"
EndProject
Project("{2150E333-8FDC-42A3-9474-1A3956D46DE8}") = "Task5", "Task5", "{C7B71B1F-1B01-41F3-A95E-4D122E8BB1BC}"
EndProject
Project("{FAE04EC0-301F-11D3-BF4B-00C04F79EFBC}") = "Tyuiu.DeminDA.Sprint6.Task5.V6.Lib", "Tyuiu.DeminDA.Sprint6.Task5.V6.Lib\Tyuiu.DeminDA.Sprint6.Task5.V6.Lib.csproj", "{0E77E686-1E9E-4B29-B57E-799A1D757989}"
EndProject
Project("{FAE04EC0-301F-11D3-BF4B-00C04F79EFBC}") = "Tyuiu.DeminDA.Sprint6.Task5.V6.Test", "Tyuiu.DeminDA.Sprint6.Task5.V6.Test\Tyuiu.DeminDA.Sprint6.Task5.V6.Test.csproj", "{FBBEA987-0601-468F-89EC-693711A7AA2D}"
EndProject
Project("{2150E333-8FDC-42A3-9474-1A3956D46DE8}") = "Task6", "Task6", "{7D8F1C9A-1874-46E4-A2A0-C33727D6AF89}"
EndProject
Project("{FAE04EC0-301F-11D3-BF4B-00C04F79EFBC}") = "Tyuiu.DeminDA.Sprint6.Task6.V6.Lib", "Tyuiu.DeminDA.Sprint6.Task6.V6.Lib\Tyuiu.DeminDA.Sprint6.Task6.V6.Lib.csproj", "{019C5C08-CEA5-4690-BEB5-61D8241FE30F}"
EndProject
Project("{FAE04EC0-301F-11D3-BF4B-00C04F79EFBC}") = "Tyuiu.DeminDA.Sprint6.Task6.V6.Test", "Tyuiu.DeminDA.Sprint6.Task6.V6.Test\Tyuiu.DeminDA.Sprint6.Task6.V6.Test.csproj", "{16820C00-1C4B-4CB4-A37B-9DB79BE93CA4}"
EndProject
Project("{FAE04EC0-301F-11D3-BF4B-00C04F79EFBC}") = "Tyuiu.DeminDA.Sprint6.Task6.V6", "Tyuiu.DeminDA.Sprint6.Task6.V6\Tyuiu.DeminDA.Sprint6.Task6.V6.csproj", "{47D783BF-ADED-4AA0-9C4B-DF7AF8C361DB}"
EndProject
Project("{2150E333-8FDC-42A3-9474-1A3956D46DE8}") = "Task7", "Task7", "{A71091AF-7101-4454-978C-4F0C6764C899}"
EndProject
Project("{FAE04EC0-301F-11D3-BF4B-00C04F79EFBC}") = "Tyuiu.DeminDA.Sprint6.Task7.V28.Lib", "Tyuiu.DeminDA.Sprint6.Task7.V28.Lib\Tyuiu.DeminDA.Sprint6.Task7.V28.Lib.csproj", "{0F280DC3-FEC5-4880-B589-1C8F20CA7DEE}"
EndProject
Project("{FAE04EC0-301F-11D3-BF4B-00C04F79EFBC}") = "Tyuiu.DeminDA.Sprint6.Task7.V28.Test", "Tyuiu.DeminDA.Sprint6.Task7.V28.Test\Tyuiu.DeminDA.Sprint6.Task7.V28.Test.csproj", "{770E9553-F532-4F00-9A2F-C6A8458CC3FD}"
EndProject
Project("{FAE04EC0-301F-11D3-BF4B-00C04F79EFBC}") = "Tyuiu.DeminDA.Sprint6.Task7.V28", "Tyuiu.DeminDA.Sprint6.Task7.V28\Tyuiu.DeminDA.Sprint6.Task7.V28.csproj", "{2926A035-8E1A-41EC-A1BC-573D22C7F6BB}"
EndProject
Global
	GlobalSection(SolutionConfigurationPlatforms) = preSolution
		Debug|Any CPU = Debug|Any CPU
		Release|Any CPU = Release|Any CPU
	EndGlobalSection
	GlobalSection(ProjectConfigurationPlatforms) = postSolution
		{C265146C-20AD-4585-987D-1DE4304EB2DC}.Debug|Any CPU.ActiveCfg = Debug|Any CPU
		{C265146C-20AD-4585-987D-1DE4304EB2DC}.Debug|Any CPU.Build.0 = Debug|Any CPU
		{C265146C-20AD-4585-987D-1DE4304EB2DC}.Release|Any CPU.ActiveCfg = Release|Any CPU
		{C265146C-20AD-4585-987D-1DE4304EB2DC}.Release|Any CPU.Build.0 = Release|Any CPU
		{F578D00D-673A-40D5-AA64-EB50DCE82F28}.Debug|Any CPU.ActiveCfg = Debug|Any CPU
		{F578D00D-673A-40D5-AA64-EB50DCE82F28}.Debug|Any CPU.Build.0 = Debug|Any CPU
		{F578D00D-673A-40D5-AA64-EB50DCE82F28}.Release|Any CPU.ActiveCfg = Release|Any CPU
		{F578D00D-673A-40D5-AA64-EB50DCE82F28}.Release|Any CPU.Build.0 = Release|Any CPU
		{4801757F-1C6A-4863-B90C-D7062B167831}.Debug|Any CPU.ActiveCfg = Debug|Any CPU
		{4801757F-1C6A-4863-B90C-D7062B167831}.Debug|Any CPU.Build.0 = Debug|Any CPU
		{4801757F-1C6A-4863-B90C-D7062B167831}.Release|Any CPU.ActiveCfg = Release|Any CPU
		{4801757F-1C6A-4863-B90C-D7062B167831}.Release|Any CPU.Build.0 = Release|Any CPU
		{82CB6246-8C05-4DEB-B077-BE460638A13F}.Debug|Any CPU.ActiveCfg = Debug|Any CPU
		{82CB6246-8C05-4DEB-B077-BE460638A13F}.Debug|Any CPU.Build.0 = Debug|Any CPU
		{82CB6246-8C05-4DEB-B077-BE460638A13F}.Release|Any CPU.ActiveCfg = Release|Any CPU
		{82CB6246-8C05-4DEB-B077-BE460638A13F}.Release|Any CPU.Build.0 = Release|Any CPU
		{BB045920-F658-46BD-B018-F2A72D213554}.Debug|Any CPU.ActiveCfg = Debug|Any CPU
		{BB045920-F658-46BD-B018-F2A72D213554}.Debug|Any CPU.Build.0 = Debug|Any CPU
		{BB045920-F658-46BD-B018-F2A72D213554}.Release|Any CPU.ActiveCfg = Release|Any CPU
		{BB045920-F658-46BD-B018-F2A72D213554}.Release|Any CPU.Build.0 = Release|Any CPU
		{9ABB39BD-DA59-4ED4-B97E-35F4E1284265}.Debug|Any CPU.ActiveCfg = Debug|Any CPU
		{9ABB39BD-DA59-4ED4-B97E-35F4E1284265}.Debug|Any CPU.Build.0 = Debug|Any CPU
		{9ABB39BD-DA59-4ED4-B97E-35F4E1284265}.Release|Any CPU.ActiveCfg = Release|Any CPU
		{9ABB39BD-DA59-4ED4-B97E-35F4E1284265}.Release|Any CPU.Build.0 = Release|Any CPU
		{424D2C49-0DE2-4B6C-B86A-8B9627072819}.Debug|Any CPU.ActiveCfg = Debug|Any CPU
		{424D2C49-0DE2-4B6C-B86A-8B9627072819}.Debug|Any CPU.Build.0 = Debug|Any CPU
		{424D2C49-0DE2-4B6C-B86A-8B9627072819}.Release|Any CPU.ActiveCfg = Release|Any CPU
		{424D2C49-0DE2-4B6C-B86A-8B9627072819}.Release|Any CPU.Build.0 = Release|Any CPU
		{09762FF5-C546-4FD5-BBA3-6A1D6A5A9C3E}.Debug|Any CPU.ActiveCfg = Debug|Any CPU
		{09762FF5-C546-4FD5-BBA3-6A1D6A5A9C3E}.Debug|Any CPU.Build.0 = Debug|Any CPU
		{09762FF5-C546-4FD5-BBA3-6A1D6A5A9C3E}.Release|Any CPU.ActiveCfg = Release|Any CPU
		{09762FF5-C546-4FD5-BBA3-6A1D6A5A9C3E}.Release|Any CPU.Build.0 = Release|Any CPU
		{1BFEAD89-3A04-4B8A-9D6B-BC57B8EDC9DC}.Debug|Any CPU.ActiveCfg = Debug|Any CPU
		{1BFEAD89-3A04-4B8A-9D6B-BC57B8EDC9DC}.Debug|Any CPU.Build.0 = Debug|Any CPU
		{1BFEAD89-3A04-4B8A-9D6B-BC57B8EDC9DC}.Release|Any CPU.ActiveCfg = Release|Any CPU
		{1BFEAD89-3A04-4B8A-9D6B-BC57B8EDC9DC}.Release|Any CPU.Build.0 = Release|Any CPU
		{39DB88BA-4B20-4155-BF60-00B600B0830E}.Debug|Any CPU.ActiveCfg = Debug|Any CPU
		{39DB88BA-4B20-4155-BF60-00B600B0830E}.Debug|Any CPU.Build.0 = Debug|Any CPU
		{39DB88BA-4B20-4155-BF60-00B600B0830E}.Release|Any CPU.ActiveCfg = Release|Any CPU
		{39DB88BA-4B20-4155-BF60-00B600B0830E}.Release|Any CPU.Build.0 = Release|Any CPU
		{CF281B68-7436-4C2E-B1DF-BD86990062F8}.Debug|Any CPU.ActiveCfg = Debug|Any CPU
		{CF281B68-7436-4C2E-B1DF-BD86990062F8}.Debug|Any CPU.Build.0 = Debug|Any CPU
		{CF281B68-7436-4C2E-B1DF-BD86990062F8}.Release|Any CPU.ActiveCfg = Release|Any CPU
		{CF281B68-7436-4C2E-B1DF-BD86990062F8}.Release|Any CPU.Build.0 = Release|Any CPU
		{A1D14A08-3F32-4AE3-9F9D-7CFD4DA0CAB2}.Debug|Any CPU.ActiveCfg = Debug|Any CPU
		{A1D14A08-3F32-4AE3-9F9D-7CFD4DA0CAB2}.Debug|Any CPU.Build.0 = Debug|Any CPU
		{A1D14A08-3F32-4AE3-9F9D-7CFD4DA0CAB2}.Release|Any CPU.ActiveCfg = Release|Any CPU
		{A1D14A08-3F32-4AE3-9F9D-7CFD4DA0CAB2}.Release|Any CPU.Build.0 = Release|Any CPU
		{CAA27B74-D6F0-42DF-8904-AC0A1E1C4267}.Debug|Any CPU.ActiveCfg = Debug|Any CPU
		{CAA27B74-D6F0-42DF-8904-AC0A1E1C4267}.Debug|Any CPU.Build.0 = Debug|Any CPU
		{CAA27B74-D6F0-42DF-8904-AC0A1E1C4267}.Release|Any CPU.ActiveCfg = Release|Any CPU
		{CAA27B74-D6F0-42DF-8904-AC0A1E1C4267}.Release|Any CPU.Build.0 = Release|Any CPU
		{8107F272-7767-4E3B-BDB8-79154BBF32FD}.Debug|Any CPU.ActiveCfg = Debug|Any CPU
		{8107F272-7767-4E3B-BDB8-79154BBF32FD}.Debug|Any CPU.Build.0 = Debug|Any CPU
		{8107F272-7767-4E3B-BDB8-79154BBF32FD}.Release|Any CPU.ActiveCfg = Release|Any CPU
		{8107F272-7767-4E3B-BDB8-79154BBF32FD}.Release|Any CPU.Build.0 = Release|Any CPU
		{DE0D9075-21AD-4C40-BA73-811B044D1DC6}.Debug|Any CPU.ActiveCfg = Debug|Any CPU
		{DE0D9075-21AD-4C40-BA73-811B044D1DC6}.Debug|Any CPU.Build.0 = Debug|Any CPU
		{DE0D9075-21AD-4C40-BA73-811B044D1DC6}.Release|Any CPU.ActiveCfg = Release|Any CPU
		{DE0D9075-21AD-4C40-BA73-811B044D1DC6}.Release|Any CPU.Build.0 = Release|Any CPU
		{0E77E686-1E9E-4B29-B57E-799A1D757989}.Debug|Any CPU.ActiveCfg = Debug|Any CPU
		{0E77E686-1E9E-4B29-B57E-799A1D757989}.Debug|Any CPU.Build.0 = Debug|Any CPU
		{0E77E686-1E9E-4B29-B57E-799A1D757989}.Release|Any CPU.ActiveCfg = Release|Any CPU
		{0E77E686-1E9E-4B29-B57E-799A1D757989}.Release|Any CPU.Build.0 = Release|Any CPU
		{FBBEA987-0601-468F-89EC-693711A7AA2D}.Debug|Any CPU.ActiveCfg = Debug|Any CPU
		{FBBEA987-0601-468F-89EC-693711A7AA2D}.Debug|Any CPU.Build.0 = Debug|Any CPU
		{FBBEA987-0601-468F-89EC-693711A7AA2D}.Release|Any CPU.ActiveCfg = Release|Any CPU
		{FBBEA987-0601-468F-89EC-693711A7AA2D}.Release|Any CPU.Build.0 = Release|Any CPU
		{019C5C08-CEA5-4690-BEB5-61D8241FE30F}.Debug|Any CPU.ActiveCfg = Debug|Any CPU
		{019C5C08-CEA5-4690-BEB5-61D8241FE30F}.Debug|Any CPU.Build.0 = Debug|Any CPU
		{019C5C08-CEA5-4690-BEB5-61D8241FE30F}.Release|Any CPU.ActiveCfg = Release|Any CPU
		{019C5C08-CEA5-4690-BEB5-61D8241FE30F}.Release|Any CPU.Build.0 = Release|Any CPU
		{16820C00-1C4B-4CB4-A37B-9DB79BE93CA4}.Debug|Any CPU.ActiveCfg = Debug|Any CPU
		{16820C00-1C4B-4CB4-A37B-9DB79BE93CA4}.Debug|Any CPU.Build.0 = Debug|Any CPU
		{16820C00-1C4B-4CB4-A37B-9DB79BE93CA4}.Release|Any CPU.ActiveCfg = Release|Any CPU
		{16820C00-1C4B-4CB4-A37B-9DB79BE93CA4}.Release|Any CPU.Build.0 = Release|Any CPU
		{47D783BF-ADED-4AA0-9C4B-DF7AF8C361DB}.Debug|Any CPU.ActiveCfg = Debug|Any CPU
		{47D783BF-ADED-4AA0-9C4B-DF7AF8C361DB}.Debug|Any CPU.Build.0 = Debug|Any CPU
		{47D783BF-ADED-4AA0-9C4B-DF7AF8C361DB}.Release|Any CPU.ActiveCfg = Release|Any CPU
		{47D783BF-ADED-4AA0-9C4B-DF7AF8C361DB}.Release|Any CPU.Build.0 = Release|Any CPU
		{0F280DC3-FEC5-4880-B589-1C8F20CA7DEE}.Debug|Any CPU.ActiveCfg = Debug|Any CPU
		{0F280DC3-FEC5-4880-B589-1C8F20CA7DEE}.Debug|Any CPU.Build.0 = Debug|Any CPU
		{0F280DC3-FEC5-4880-B589-1C8F20CA7DEE}.Release|Any CPU.ActiveCfg = Release|Any CPU
		{0F280DC3-FEC5-4880-B589-1C8F20CA7DEE}.Release|Any CPU.Build.0 = Release|Any CPU
		{770E9553-F532-4F00-9A2F-C6A8458CC3FD}.Debug|Any CPU.ActiveCfg = Debug|Any CPU
		{770E9553-F532-4F00-9A2F-C6A8458CC3FD}.Debug|Any CPU.Build.0 = Debug|Any CPU
		{770E9553-F532-4F00-9A2F-C6A8458CC3FD}.Release|Any CPU.ActiveCfg = Release|Any CPU
		{770E9553-F532-4F00-9A2F-C6A8458CC3FD}.Release|Any CPU.Build.0 = Release|Any CPU
		{2926A035-8E1A-41EC-A1BC-573D22C7F6BB}.Debug|Any CPU.ActiveCfg = Debug|Any CPU
		{2926A035-8E1A-41EC-A1BC-573D22C7F6BB}.Debug|Any CPU.Build.0 = Debug|Any CPU
		{2926A035-8E1A-41EC-A1BC-573D22C7F6BB}.Release|Any CPU.ActiveCfg = Release|Any CPU
		{2926A035-8E1A-41EC-A1BC-573D22C7F6BB}.Release|Any CPU.Build.0 = Release|Any CPU
	EndGlobalSection
	GlobalSection(SolutionProperties) = preSolution
		HideSolutionNode = FALSE
	EndGlobalSection
	GlobalSection(NestedProjects) = preSolution
		{C265146C-20AD-4585-987D-1DE4304EB2DC} = {18401A3C-455F-4827-BE49-C11C506B7063}
		{F578D00D-673A-40D5-AA64-EB50DCE82F28} = {18401A3C-455F-4827-BE49-C11C506B7063}
		{4801757F-1C6A-4863-B90C-D7062B167831} = {18401A3C-455F-4827-BE49-C11C506B7063}
		{82CB6246-8C05-4DEB-B077-BE460638A13F} = {249DDF31-1E94-4116-A861-EB0F3DBB6277}
		{BB045920-F658-46BD-B018-F2A72D213554} = {249DDF31-1E94-4116-A861-EB0F3DBB6277}
		{9ABB39BD-DA59-4ED4-B97E-35F4E1284265} = {249DDF31-1E94-4116-A861-EB0F3DBB6277}
		{424D2C49-0DE2-4B6C-B86A-8B9627072819} = {7154C65F-DB20-43B5-98F3-55FD49927C0C}
		{09762FF5-C546-4FD5-BBA3-6A1D6A5A9C3E} = {7154C65F-DB20-43B5-98F3-55FD49927C0C}
		{1BFEAD89-3A04-4B8A-9D6B-BC57B8EDC9DC} = {7154C65F-DB20-43B5-98F3-55FD49927C0C}
		{39DB88BA-4B20-4155-BF60-00B600B0830E} = {1165DF50-041C-4552-A171-4DDCF045C8E1}
		{CF281B68-7436-4C2E-B1DF-BD86990062F8} = {1165DF50-041C-4552-A171-4DDCF045C8E1}
		{A1D14A08-3F32-4AE3-9F9D-7CFD4DA0CAB2} = {1165DF50-041C-4552-A171-4DDCF045C8E1}
		{CAA27B74-D6F0-42DF-8904-AC0A1E1C4267} = {160FC493-F471-40AB-8705-FA4087BB16A4}
		{8107F272-7767-4E3B-BDB8-79154BBF32FD} = {160FC493-F471-40AB-8705-FA4087BB16A4}
		{DE0D9075-21AD-4C40-BA73-811B044D1DC6} = {160FC493-F471-40AB-8705-FA4087BB16A4}
		{0E77E686-1E9E-4B29-B57E-799A1D757989} = {C7B71B1F-1B01-41F3-A95E-4D122E8BB1BC}
		{FBBEA987-0601-468F-89EC-693711A7AA2D} = {C7B71B1F-1B01-41F3-A95E-4D122E8BB1BC}
		{019C5C08-CEA5-4690-BEB5-61D8241FE30F} = {7D8F1C9A-1874-46E4-A2A0-C33727D6AF89}
		{16820C00-1C4B-4CB4-A37B-9DB79BE93CA4} = {7D8F1C9A-1874-46E4-A2A0-C33727D6AF89}
		{47D783BF-ADED-4AA0-9C4B-DF7AF8C361DB} = {7D8F1C9A-1874-46E4-A2A0-C33727D6AF89}
		{0F280DC3-FEC5-4880-B589-1C8F20CA7DEE} = {A71091AF-7101-4454-978C-4F0C6764C899}
		{770E9553-F532-4F00-9A2F-C6A8458CC3FD} = {A71091AF-7101-4454-978C-4F0C6764C899}
		{2926A035-8E1A-41EC-A1BC-573D22C7F6BB} = {A71091AF-7101-4454-978C-4F0C6764C899}
	EndGlobalSection
	GlobalSection(ExtensibilityGlobals) = postSolution
		SolutionGuid = {30F7BD6E-DBAB-4547-9BC2-D3D20A88406B}
	EndGlobalSection
EndGlobal
